github.com/Noooste/fhttp v1.0.6 h1:E1u8b+GMhRZSuoINNpiXjE1MHUdZMIcs/g4HEjapWLg=
github.com/Noooste/fhttp v1.0.6/go.mod h1:7rH441v5BuOAQ60LPj7Uwinew1bmv7A0q8DryN/YA6s=
github.com/Noooste/go-utils v1.0.0 h1:8nBzU+ho7vR5hjA44Y3uWuDjaN0aqo3kvK7dtL4GFjM=
github.com/Noooste/go-utils v1.0.0/go.mod h1:A/YxOsWCxgzJ/yYN0+ryPb+dXKhXmMfiyJQqafaswuY=
github.com/Noooste/go-utils v1.0.1 h1:yrFIpBtWuFjeI0y05dyEHmdPtbih4fCcJG243JbQekU=
github.com/Noooste/go-utils v1.0.1/go.mod h1:A1O5L8mM/NNb1sqjrtX4kiuzbovtYTIzw1mLkKZ2JMw=
github.com/Noooste/utls v1.2.0 h1:0MuEcHVLWnYa4KNjfCBsM32Kjf2ETO7FCTrKWbwYSYw=
github.com/Noooste/utls v1.2.0/go.mod h1:xwMaxgZN2A56TP5S5U4g/M8sCOZSC7LYEWGgrYrivaY=
github.com/andybalholm/brotli v1.0.5 h1:8uQZIdzKmjc/iuPu7O2ioW48L81FgatrcpfFmiq/cCs=
github.com/andybalholm/brotli v1.0.5/go.mod h1:fO7iG3H7G2nSZ7m0zPUDn85XEX2GTukHGRSepvi9Eig=
github.com/davecgh/go-spew v1.1.0/go.mod h1:J7Y8YcW2NihsgmVo/mv3lAwl/skON4iLHjSsI+c5H38=
github.com/davecgh/go-spew v1.1.1 h1:vj9j/u1bqnvCEfJOwUhtlOARqs3+rkHYY13jYWTU97c=
github.com/davecgh/go-spew v1.1.1/go.mod h1:J7Y8YcW2NihsgmVo/mv3lAwl/skON4iLHjSsI+c5H38=
github.com/dsnet/compress v0.0.1 h1:PlZu0n3Tuv04TzpfPbrnI0HW/YwodEXDS+oPKahKF0Q=
github.com/dsnet/compress v0.0.1/go.mod h1:Aw8dCMJ7RioblQeTqt88akK31OvO8Dhf5JflhBbQEHo=
github.com/dsnet/golib v0.0.0-20171103203638-1ea166775780/go.mod h1:Lj+Z9rebOhdfkVLjJ8T6VcRQv3SXugXy999NBtR9aFY=
github.com/gaukas/godicttls v0.0.3 h1:YNDIf0d9adcxOijiLrEzpfZGAkNwLRzPaG6OjU7EITk=
github.com/gaukas/godicttls v0.0.3/go.mod h1:l6EenT4TLWgTdwslVb4sEMOCf7Bv0JAK67deKr9/NCI=
github.com/gaukas/godicttls v0.0.4 h1:NlRaXb3J6hAnTmWdsEKb9bcSBD6BvcIjdGdeb0zfXbk=
github.com/gaukas/godicttls v0.0.4/go.mod h1:l6EenT4TLWgTdwslVb4sEMOCf7Bv0JAK67deKr9/NCI=
github.com/google/uuid v1.3.0 h1:t6JiXgmwXMjEs8VusXIJk2BXHsn+wx8BZdTaoZ5fu7I=
github.com/google/uuid v1.3.0/go.mod h1:TIyPZe4MgqvfeYDBFedMoGGpEw/LqOeaOT+nhxU+yHo=
github.com/klauspost/compress v1.4.1/go.mod h1:RyIbtBH6LamlWaDj8nUwkbUhJ87Yi3uG0guNDohfE1A=
github.com/klauspost/compress v1.16.6 h1:91SKEy4K37vkp255cJ8QesJhjyRO0hn9i9G0GoUwLsk=
github.com/klauspost/compress v1.16.6/go.mod h1:ntbaceVETuRiXiv4DpjP66DpAtAGkEQskQzEyD//IeE=
github.com/klauspost/compress v1.16.7 h1:2mk3MPGNzKyxErAw8YaohYh69+pa4sIQSC0fPGCFR9I=
github.com/klauspost/compress v1.16.7/go.mod h1:ntbaceVETuRiXiv4DpjP66DpAtAGkEQskQzEyD//IeE=
github.com/klauspost/cpuid v1.2.0/go.mod h1:Pj4uuM528wm8OyEC2QMXAi2YiTZ96dNQPGgoMS4s3ek=
github.com/pmezard/go-difflib v1.0.0 h1:4DBwDE0NGyQoBHbLQYPwSUPoCMWR5BEzIk/f1lZbAQM=
github.com/pmezard/go-difflib v1.0.0/go.mod h1:iKH77koFhYxTK1pcRnkKkqfTogsbg7gZNVY4sRDYZ/4=
github.com/refraction-networking/utls v1.3.3 h1:f/TBLX7KBciRyFH3bwupp+CE4fzoYKCirhdRcC490sw=
github.com/sirupsen/logrus v1.9.2 h1:oxx1eChJGI6Uks2ZC4W1zpLlVgqB8ner4EuQwV4Ik1Y=
github.com/sirupsen/logrus v1.9.2/go.mod h1:naHLuLoDiP4jHNo9R0sCBMtWGeIprob74mVsIT4qYEQ=
github.com/sirupsen/logrus v1.9.3 h1:dueUQJ1C2q9oE3F7wvmSGAaVtTmUizReu6fjN8uqzbQ=
github.com/sirupsen/logrus v1.9.3/go.mod h1:naHLuLoDiP4jHNo9R0sCBMtWGeIprob74mVsIT4qYEQ=
github.com/stretchr/objx v0.1.0/go.mod h1:HFkY916IF+rwdDfMAkV7OtwuqBVzrE8GR6GFx+wExME=
github.com/stretchr/testify v1.7.0 h1:nwc3DEeHmmLAfoZucVR881uASk0Mfjw8xYJ99tb5CcY=
github.com/stretchr/testify v1.7.0/go.mod h1:6Fq8oRcR53rry900zMqJjRRixrwX3KX962/h/Wwjteg=
github.com/ulikunitz/xz v0.5.6/go.mod h1:2bypXElzHzzJZwzH67Y6wb67pO62Rzfn7BSiF4ABRW8=
golang.org/x/crypto v0.10.0 h1:LKqV2xt9+kDzSTfOhx4FrkEBcMrAgHSYgzywV9zcGmM=
golang.org/x/crypto v0.10.0/go.mod h1:o4eNf7Ede1fv+hwOwZsTHl9EsPFO6q6ZvYR8vYfY45I=
golang.org/x/crypto v0.11.0 h1:6Ewdq3tDic1mg5xRO4milcWCfMVQhI4NkqWWvqejpuA=
golang.org/x/crypto v0.11.0/go.mod h1:xgJhtzW8F9jGdVFWZESrid1U1bjeNy4zgy5cRr/CIio=
golang.org/x/net v0.11.0 h1:Gi2tvZIJyBtO9SDr1q9h5hEQCp/4L2RQ+ar0qjx2oNU=
golang.org/x/net v0.11.0/go.mod h1:2L/ixqYpgIVXmeoSA/4Lu7BzTG4KIyPIryS4IsOd1oQ=
golang.org/x/net v0.13.0 h1:Nvo8UFsZ8X3BhAC9699Z1j7XQ3rsZnUUm7jfBEk1ueY=
golang.org/x/net v0.13.0/go.mod h1:zEVYFnQC7m/vmpQFELhcD1EWkZlX69l4oqgmer6hfKA=
golang.org/x/sys v0.0.0-20220715151400-c0bba94af5f8/go.mod h1:oPkhp1MJrh7nUepCBck5+mAzfO9JrbApNNgaTdGDITg=
golang.org/x/sys v0.9.0 h1:KS/R3tvhPqvJvwcKfnBHJwwthS11LRhmM5D59eEXa0s=
golang.org/x/sys v0.9.0/go.mod h1:oPkhp1MJrh7nUepCBck5+mAzfO9JrbApNNgaTdGDITg=
golang.org/x/sys v0.10.0 h1:SqMFp9UcQJZa+pmYuAKjd9xq1f0j5rLcDIk0mj4qAsA=
golang.org/x/sys v0.10.0/go.mod h1:oPkhp1MJrh7nUepCBck5+mAzfO9JrbApNNgaTdGDITg=
golang.org/x/text v0.10.0 h1:UpjohKhiEgNc0CSauXmwYftY1+LlaC75SJwh0SgCX58=
golang.org/x/text v0.10.0/go.mod h1:TvPlkZtksWOMsz7fbANvkp4WM8x/WCo/om8BMLbz+aE=
golang.org/x/text v0.11.0 h1:LAntKIrcmeSKERyiOh0XMV39LXS8IE9UL2yP7+f5ij4=
golang.org/x/text v0.11.0/go.mod h1:TvPlkZtksWOMsz7fbANvkp4WM8x/WCo/om8BMLbz+aE=
gopkg.in/check.v1 v0.0.0-20161208181325-20d25e280405/go.mod h1:Co6ibVJAznAaIkqp8huTwlJQCZ016jof/cbN4VW5Yz0=
gopkg.in/yaml.v3 v3.0.0-20200313102051-9f266ea9e77c h1:dUUwHk2QECo/6vqA44rthZ8ie2QXMNeKRTHCNY2nXvo=
gopkg.in/yaml.v3 v3.0.0-20200313102051-9f266ea9e77c/go.mod h1:K4uyk7z7BCEPqu6E+C64Yfv1cQ7kz7rIZviUmN+EgEM=
